
Microsoft Visual Studio Solution File, Format Version 12.00
# Visual Studio Version 17
VisualStudioVersion = 17.6.33815.320
MinimumVisualStudioVersion = 10.0.40219.1
Project("{FAE04EC0-301F-11D3-BF4B-00C04F79EFBC}") = "WebApi", "WebApi.csproj", "{F0A1D1F0-0BE0-4354-8713-39CC49481369}"
EndProject
Global
	GlobalSection(SolutionConfigurationPlatforms) = preSolution
		Debug|Any CPU = Debug|Any CPU
		Release|Any CPU = Release|Any CPU
	EndGlobalSection
	GlobalSection(ProjectConfigurationPlatforms) = postSolution
		{F0A1D1F0-0BE0-4354-8713-39CC49481369}.Debug|Any CPU.ActiveCfg = Debug|Any CPU
		{F0A1D1F0-0BE0-4354-8713-39CC49481369}.Debug|Any CPU.Build.0 = Debug|Any CPU
		{F0A1D1F0-0BE0-4354-8713-39CC49481369}.Release|Any CPU.ActiveCfg = Release|Any CPU
		{F0A1D1F0-0BE0-4354-8713-39CC49481369}.Release|Any CPU.Build.0 = Release|Any CPU
	EndGlobalSection
	GlobalSection(SolutionProperties) = preSolution
		HideSolutionNode = FALSE
	EndGlobalSection
	GlobalSection(ExtensibilityGlobals) = postSolution
		SolutionGuid = {2618C951-0C05-4CB9-8804-FAF63E37FE89}
	EndGlobalSection
EndGlobal
